
Microsoft Visual Studio Solution File, Format Version 12.00
# Visual Studio 2012
Project("{FAE04EC0-301F-11D3-BF4B-00C04F79EFBC}") = "CFSJMIS", "CFSJMIS\CFSJMIS.csproj", "{E41CD902-6BAD-402B-A4CC-94552D759ADA}"
EndProject
Project("{FAE04EC0-301F-11D3-BF4B-00C04F79EFBC}") = "CFSJMIS.Biult", "CFSJMIS.Biult\CFSJMIS.Biult.csproj", "{4FAF68D6-691E-4A00-AFAE-2BF38DA2EF6C}"
EndProject
Project("{FAE04EC0-301F-11D3-BF4B-00C04F79EFBC}") = "CFSJMIS.Data", "CFSJMIS.Data\CFSJMIS.Data.csproj", "{53280B9D-B2DA-492A-B275-A129D68FC1B6}"
EndProject
Project("{FAE04EC0-301F-11D3-BF4B-00C04F79EFBC}") = "CFSJMIS.Search", "CFSJMIS.Search\CFSJMIS.Search.csproj", "{C5F888EC-8EA6-4B56-93C9-F38A1525A151}"
EndProject
Project("{FAE04EC0-301F-11D3-BF4B-00C04F79EFBC}") = "CFSJMIS.Security", "CFSJMIS.Security\CFSJMIS.Security.csproj", "{6970F454-5FE7-40B2-A371-EDF3830B8F17}"
EndProject
Global
	GlobalSection(SolutionConfigurationPlatforms) = preSolution
		Debug|Any CPU = Debug|Any CPU
		Debug|Mixed Platforms = Debug|Mixed Platforms
		Debug|x86 = Debug|x86
		Release|Any CPU = Release|Any CPU
		Release|Mixed Platforms = Release|Mixed Platforms
		Release|x86 = Release|x86
	EndGlobalSection
	GlobalSection(ProjectConfigurationPlatforms) = postSolution
		{E41CD902-6BAD-402B-A4CC-94552D759ADA}.Debug|Any CPU.ActiveCfg = Debug|Any CPU
		{E41CD902-6BAD-402B-A4CC-94552D759ADA}.Debug|Any CPU.Build.0 = Debug|Any CPU
		{E41CD902-6BAD-402B-A4CC-94552D759ADA}.Debug|Mixed Platforms.ActiveCfg = Debug|x86
		{E41CD902-6BAD-402B-A4CC-94552D759ADA}.Debug|Mixed Platforms.Build.0 = Debug|x86
		{E41CD902-6BAD-402B-A4CC-94552D759ADA}.Debug|x86.ActiveCfg = Debug|x86
		{E41CD902-6BAD-402B-A4CC-94552D759ADA}.Debug|x86.Build.0 = Debug|x86
		{E41CD902-6BAD-402B-A4CC-94552D759ADA}.Release|Any CPU.ActiveCfg = Release|Any CPU
		{E41CD902-6BAD-402B-A4CC-94552D759ADA}.Release|Any CPU.Build.0 = Release|Any CPU
		{E41CD902-6BAD-402B-A4CC-94552D759ADA}.Release|Mixed Platforms.ActiveCfg = Release|x86
		{E41CD902-6BAD-402B-A4CC-94552D759ADA}.Release|Mixed Platforms.Build.0 = Release|x86
		{E41CD902-6BAD-402B-A4CC-94552D759ADA}.Release|x86.ActiveCfg = Release|x86
		{E41CD902-6BAD-402B-A4CC-94552D759ADA}.Release|x86.Build.0 = Release|x86
		{4FAF68D6-691E-4A00-AFAE-2BF38DA2EF6C}.Debug|Any CPU.ActiveCfg = Debug|Any CPU
		{4FAF68D6-691E-4A00-AFAE-2BF38DA2EF6C}.Debug|Any CPU.Build.0 = Debug|Any CPU
		{4FAF68D6-691E-4A00-AFAE-2BF38DA2EF6C}.Debug|Mixed Platforms.ActiveCfg = Debug|x86
		{4FAF68D6-691E-4A00-AFAE-2BF38DA2EF6C}.Debug|Mixed Platforms.Build.0 = Debug|x86
		{4FAF68D6-691E-4A00-AFAE-2BF38DA2EF6C}.Debug|x86.ActiveCfg = Debug|x86
		{4FAF68D6-691E-4A00-AFAE-2BF38DA2EF6C}.Debug|x86.Build.0 = Debug|x86
		{4FAF68D6-691E-4A00-AFAE-2BF38DA2EF6C}.Debug|x86.Deploy.0 = Debug|x86
		{4FAF68D6-691E-4A00-AFAE-2BF38DA2EF6C}.Release|Any CPU.ActiveCfg = Release|Any CPU
		{4FAF68D6-691E-4A00-AFAE-2BF38DA2EF6C}.Release|Any CPU.Build.0 = Release|Any CPU
		{4FAF68D6-691E-4A00-AFAE-2BF38DA2EF6C}.Release|Mixed Platforms.ActiveCfg = Release|x86
		{4FAF68D6-691E-4A00-AFAE-2BF38DA2EF6C}.Release|Mixed Platforms.Build.0 = Release|x86
		{4FAF68D6-691E-4A00-AFAE-2BF38DA2EF6C}.Release|x86.ActiveCfg = Release|x86
		{4FAF68D6-691E-4A00-AFAE-2BF38DA2EF6C}.Release|x86.Build.0 = Release|x86
		{53280B9D-B2DA-492A-B275-A129D68FC1B6}.Debug|Any CPU.ActiveCfg = Debug|Any CPU
		{53280B9D-B2DA-492A-B275-A129D68FC1B6}.Debug|Any CPU.Build.0 = Debug|Any CPU
		{53280B9D-B2DA-492A-B275-A129D68FC1B6}.Debug|Mixed Platforms.ActiveCfg = Debug|x86
		{53280B9D-B2DA-492A-B275-A129D68FC1B6}.Debug|Mixed Platforms.Build.0 = Debug|x86
		{53280B9D-B2DA-492A-B275-A129D68FC1B6}.Debug|x86.ActiveCfg = Debug|x86
		{53280B9D-B2DA-492A-B275-A129D68FC1B6}.Debug|x86.Build.0 = Debug|x86
		{53280B9D-B2DA-492A-B275-A129D68FC1B6}.Release|Any CPU.ActiveCfg = Release|Any CPU
		{53280B9D-B2DA-492A-B275-A129D68FC1B6}.Release|Any CPU.Build.0 = Release|Any CPU
		{53280B9D-B2DA-492A-B275-A129D68FC1B6}.Release|Mixed Platforms.ActiveCfg = Release|x86
		{53280B9D-B2DA-492A-B275-A129D68FC1B6}.Release|Mixed Platforms.Build.0 = Release|x86
		{53280B9D-B2DA-492A-B275-A129D68FC1B6}.Release|x86.ActiveCfg = Release|x86
		{53280B9D-B2DA-492A-B275-A129D68FC1B6}.Release|x86.Build.0 = Release|x86
		{C5F888EC-8EA6-4B56-93C9-F38A1525A151}.Debug|Any CPU.ActiveCfg = Debug|Any CPU
		{C5F888EC-8EA6-4B56-93C9-F38A1525A151}.Debug|Any CPU.Build.0 = Debug|Any CPU
		{C5F888EC-8EA6-4B56-93C9-F38A1525A151}.Debug|Mixed Platforms.ActiveCfg = Debug|x86
		{C5F888EC-8EA6-4B56-93C9-F38A1525A151}.Debug|Mixed Platforms.Build.0 = Debug|x86
		{C5F888EC-8EA6-4B56-93C9-F38A1525A151}.Debug|x86.ActiveCfg = Debug|x86
		{C5F888EC-8EA6-4B56-93C9-F38A1525A151}.Debug|x86.Build.0 = Debug|x86
		{C5F888EC-8EA6-4B56-93C9-F38A1525A151}.Release|Any CPU.ActiveCfg = Release|Any CPU
		{C5F888EC-8EA6-4B56-93C9-F38A1525A151}.Release|Any CPU.Build.0 = Release|Any CPU
		{C5F888EC-8EA6-4B56-93C9-F38A1525A151}.Release|Mixed Platforms.ActiveCfg = Release|x86
		{C5F888EC-8EA6-4B56-93C9-F38A1525A151}.Release|Mixed Platforms.Build.0 = Release|x86
		{C5F888EC-8EA6-4B56-93C9-F38A1525A151}.Release|x86.ActiveCfg = Release|x86
		{C5F888EC-8EA6-4B56-93C9-F38A1525A151}.Release|x86.Build.0 = Release|x86
		{6970F454-5FE7-40B2-A371-EDF3830B8F17}.Debug|Any CPU.ActiveCfg = Debug|Any CPU
		{6970F454-5FE7-40B2-A371-EDF3830B8F17}.Debug|Any CPU.Build.0 = Debug|Any CPU
		{6970F454-5FE7-40B2-A371-EDF3830B8F17}.Debug|Mixed Platforms.ActiveCfg = Debug|x86
		{6970F454-5FE7-40B2-A371-EDF3830B8F17}.Debug|Mixed Platforms.Build.0 = Debug|x86
		{6970F454-5FE7-40B2-A371-EDF3830B8F17}.Debug|x86.ActiveCfg = Debug|x86
		{6970F454-5FE7-40B2-A371-EDF3830B8F17}.Debug|x86.Build.0 = Debug|x86
		{6970F454-5FE7-40B2-A371-EDF3830B8F17}.Release|Any CPU.ActiveCfg = Release|Any CPU
		{6970F454-5FE7-40B2-A371-EDF3830B8F17}.Release|Any CPU.Build.0 = Release|Any CPU
		{6970F454-5FE7-40B2-A371-EDF3830B8F17}.Release|Mixed Platforms.ActiveCfg = Release|x86
		{6970F454-5FE7-40B2-A371-EDF3830B8F17}.Release|Mixed Platforms.Build.0 = Release|x86
		{6970F454-5FE7-40B2-A371-EDF3830B8F17}.Release|x86.ActiveCfg = Release|x86
		{6970F454-5FE7-40B2-A371-EDF3830B8F17}.Release|x86.Build.0 = Release|x86
	EndGlobalSection
	GlobalSection(SolutionProperties) = preSolution
		HideSolutionNode = FALSE
	EndGlobalSection
EndGlobal
